<?xml version="1.0" encoding="utf-8"?>
<Project ToolsVersion="4.0" xmlns="http://schemas.microsoft.com/developer/msbuild/2003">
  <ItemGroup>
    <Filter Include="Source Files">
      <UniqueIdentifier>{4FC737F1-C7A5-4376-A066-2A32D752A2FF}</UniqueIdentifier>
      <Extensions>cpp;c;cc;cxx;def;odl;idl;hpj;bat;asm;asmx</Extensions>
    </Filter>
    <Filter Include="Header Files">
      <UniqueIdentifier>{93995380-89BD-4b04-88EB-625FBE52EBFB}</UniqueIdentifier>
      <Extensions>h;hpp;hxx;hm;inl;inc;xsd</Extensions>
    </Filter>
    <Filter Include="Resource Files">
      <UniqueIdentifier>{67DA6AB6-F800-4c08-8B7A-83BB121AAD01}</UniqueIdentifier>
      <Extensions>rc;ico;cur;bmp;dlg;rc2;rct;bin;rgs;gif;jpg;jpeg;jpe;resx;tiff;tif;png;wav;mfcribbon-ms</Extensions>
    </Filter>
  </ItemGroup>
  <ItemGroup>
    <None Include="ReadMe.txt" />
    <None Include="res\CashPlanner.rc2">
      <Filter>Resource Files</Filter>
    </None>
    <None Include="res\CashPlanner.ico">
      <Filter>Resource Files</Filter>
    </None>
    <None Include="res\icon1.ico">
      <Filter>Resource Files</Filter>
    </None>
  </ItemGroup>
  <ItemGroup>
    <ClInclude Include="CashPlanner.h">
      <Filter>Header Files</Filter>
    </ClInclude>
    <ClInclude Include="CashPlannerDlg.h">
      <Filter>Header Files</Filter>
    </ClInclude>
    <ClInclude Include="stdafx.h">
      <Filter>Header Files</Filter>
    </ClInclude>
    <ClInclude Include="targetver.h">
      <Filter>Header Files</Filter>
    </ClInclude>
    <ClInclude Include="Resource.h">
      <Filter>Header Files</Filter>
    </ClInclude>
    <ClInclude Include="VatDlg.h">
      <Filter>Source Files</Filter>
    </ClInclude>
    <ClInclude Include="AboutDlg.h">
      <Filter>Header Files</Filter>
    </ClInclude>
    <ClInclude Include="TextParser.h">
      <Filter>Header Files</Filter>
    </ClInclude>
    <ClInclude Include="SelectLinesDlg.h">
      <Filter>Header Files</Filter>
    </ClInclude>
    <ClInclude Include="Docker.h">
      <Filter>Header Files</Filter>
    </ClInclude>
    <ClInclude Include="EditItems.h">
      <Filter>Header Files</Filter>
    </ClInclude>
    <ClInclude Include="CommonTypes.h">
      <Filter>Header Files</Filter>
    </ClInclude>
    <ClInclude Include="StockList.h">
      <Filter>Header Files</Filter>
    </ClInclude>
    <ClInclude Include="ShowSetDlg.h">
      <Filter>Header Files</Filter>
    </ClInclude>
    <ClInclude Include="BasicList.h">
      <Filter>Header Files</Filter>
    </ClInclude>
    <ClInclude Include="OperationsList.h">
      <Filter>Header Files</Filter>
    </ClInclude>
    <ClInclude Include="FileWorks.h">
      <Filter>Header Files</Filter>
    </ClInclude>
    <ClInclude Include="DockDialog.h">
      <Filter>Header Files</Filter>
    </ClInclude>
    <ClInclude Include="TempEdit.h">
      <Filter>Header Files</Filter>
    </ClInclude>
    <ClInclude Include="GraphButton.h">
      <Filter>Header Files</Filter>
    </ClInclude>
    <ClInclude Include="BigGraph.h">
      <Filter>Header Files</Filter>
    </ClInclude>
    <ClInclude Include="ReminderDlg.h">
      <Filter>Header Files</Filter>
    </ClInclude>
    <ClInclude Include="PeriodicOpsDlg.h">
      <Filter>Header Files</Filter>
    </ClInclude>
    <ClInclude Include="WorkspaceCfgDlg.h">
      <Filter>Header Files</Filter>
    </ClInclude>
    <ClInclude Include="TempDateBox.h">
      <Filter>Header Files</Filter>
    </ClInclude>
    <ClInclude Include="TempControl.h">
      <Filter>Header Files</Filter>
    </ClInclude>
    <ClInclude Include="OpDatabase.h">
      <Filter>Header Files</Filter>
    </ClInclude>
    <ClInclude Include="TempCombo.h">
      <Filter>Header Files</Filter>
    </ClInclude>
    <ClInclude Include="WorkspacesDlg.h">
      <Filter>Header Files</Filter>
    </ClInclude>
    <ClInclude Include="WaitDlg.h">
      <Filter>Header Files</Filter>
    </ClInclude>
    <ClInclude Include="MergeDataDlg.h">
      <Filter>Header Files</Filter>
    </ClInclude>
    <ClInclude Include="SalesTimingReport.h">
      <Filter>Header Files</Filter>
    </ClInclude>
    <ClInclude Include="LoadClearOptionsBar.h">
      <Filter>Header Files</Filter>
    </ClInclude>
    <ClInclude Include="ExcelConvert.h">
      <Filter>Header Files</Filter>
    </ClInclude>
  </ItemGroup>
  <ItemGroup>
    <ClCompile Include="CashPlanner.cpp">
      <Filter>Source Files</Filter>
    </ClCompile>
    <ClCompile Include="CashPlannerDlg.cpp">
      <Filter>Source Files</Filter>
    </ClCompile>
    <ClCompile Include="stdafx.cpp">
      <Filter>Source Files</Filter>
    </ClCompile>
    <ClCompile Include="VatDlg.cpp">
      <Filter>Source Files</Filter>
    </ClCompile>
    <ClCompile Include="AboutDlg.cpp">
      <Filter>Source Files</Filter>
    </ClCompile>
    <ClCompile Include="TextParser.cpp">
      <Filter>Source Files</Filter>
    </ClCompile>
    <ClCompile Include="SelectLinesDlg.cpp">
      <Filter>Source Files</Filter>
    </ClCompile>
    <ClCompile Include="Docker.cpp">
      <Filter>Source Files</Filter>
    </ClCompile>
    <ClCompile Include="EditItems.cpp">
      <Filter>Source Files</Filter>
    </ClCompile>
    <ClCompile Include="StockList.cpp">
      <Filter>Source Files</Filter>
    </ClCompile>
    <ClCompile Include="ShowSetDlg.cpp">
      <Filter>Source Files</Filter>
    </ClCompile>
    <ClCompile Include="BasicList.cpp">
      <Filter>Source Files</Filter>
    </ClCompile>
    <ClCompile Include="OperationsList.cpp">
      <Filter>Source Files</Filter>
    </ClCompile>
    <ClCompile Include="DockDialog.cpp">
      <Filter>Source Files</Filter>
    </ClCompile>
    <ClCompile Include="TempEdit.cpp">
      <Filter>Source Files</Filter>
    </ClCompile>
    <ClCompile Include="GraphButton.cpp">
      <Filter>Source Files</Filter>
    </ClCompile>
    <ClCompile Include="BigGraph.cpp">
      <Filter>Source Files</Filter>
    </ClCompile>
    <ClCompile Include="ReminderDlg.cpp">
      <Filter>Source Files</Filter>
    </ClCompile>
    <ClCompile Include="PeriodicOpsDlg.cpp">
      <Filter>Source Files</Filter>
    </ClCompile>
    <ClCompile Include="Serialization.cpp">
      <Filter>Source Files</Filter>
    </ClCompile>
    <ClCompile Include="OldSerialization.cpp">
      <Filter>Source Files</Filter>
    </ClCompile>
    <ClCompile Include="WorkspaceCfgDlg.cpp">
      <Filter>Source Files</Filter>
    </ClCompile>
    <ClCompile Include="TempDateBox.cpp">
      <Filter>Source Files</Filter>
    </ClCompile>
    <ClCompile Include="OpDatabase.cpp">
      <Filter>Source Files</Filter>
    </ClCompile>
    <ClCompile Include="TempCombo.cpp">
      <Filter>Source Files</Filter>
    </ClCompile>
    <ClCompile Include="WorkspacesDlg.cpp">
      <Filter>Source Files</Filter>
    </ClCompile>
    <ClCompile Include="WaitDlg.cpp">
      <Filter>Source Files</Filter>
    </ClCompile>
    <ClCompile Include="MergeDataDlg.cpp">
      <Filter>Source Files</Filter>
    </ClCompile>
    <ClCompile Include="SalesTimingReport.cpp">
      <Filter>Source Files</Filter>
    </ClCompile>
    <ClCompile Include="LoadClearOptionsBar.cpp">
      <Filter>Source Files</Filter>
    </ClCompile>
    <ClCompile Include="ExcelConvert.cpp">
      <Filter>Source Files</Filter>
    </ClCompile>
  </ItemGroup>
  <ItemGroup>
    <ResourceCompile Include="CashPlanner.rc">
      <Filter>Resource Files</Filter>
    </ResourceCompile>
  </ItemGroup>
</Project>